// !$*UTF8*$!
{
	archiveVersion = 1;
	classes = {
	};
	objectVersion = 46;
	objects = {

/* Begin PBXBuildFile section */
		4109C0E01922895E008D1C34 /* Foundation.framework in Frameworks */ = {isa = PBXBuildFile; fileRef = 4109C0DF1922895E008D1C34 /* Foundation.framework */; };
		4109C0E21922895E008D1C34 /* CoreGraphics.framework in Frameworks */ = {isa = PBXBuildFile; fileRef = 4109C0E11922895E008D1C34 /* CoreGraphics.framework */; };
		4109C0E41922895E008D1C34 /* UIKit.framework in Frameworks */ = {isa = PBXBuildFile; fileRef = 4109C0E31922895E008D1C34 /* UIKit.framework */; };
		4109C0EA1922895E008D1C34 /* InfoPlist.strings in Resources */ = {isa = PBXBuildFile; fileRef = 4109C0E81922895E008D1C34 /* InfoPlist.strings */; };
		4109C0EC1922895E008D1C34 /* main.m in Sources */ = {isa = PBXBuildFile; fileRef = 4109C0EB1922895E008D1C34 /* main.m */; };
		4109C0F01922895E008D1C34 /* AppDelegate.m in Sources */ = {isa = PBXBuildFile; fileRef = 4109C0EF1922895E008D1C34 /* AppDelegate.m */; };
		4109C0F31922895E008D1C34 /* Main.storyboard in Resources */ = {isa = PBXBuildFile; fileRef = 4109C0F11922895E008D1C34 /* Main.storyboard */; };
		4109C0F61922895E008D1C34 /* ViewController.m in Sources */ = {isa = PBXBuildFile; fileRef = 4109C0F51922895E008D1C34 /* ViewController.m */; };
		4109C0F81922895E008D1C34 /* Images.xcassets in Resources */ = {isa = PBXBuildFile; fileRef = 4109C0F71922895E008D1C34 /* Images.xcassets */; };
		4109C0FF1922895E008D1C34 /* XCTest.framework in Frameworks */ = {isa = PBXBuildFile; fileRef = 4109C0FE1922895E008D1C34 /* XCTest.framework */; };
		4109C1001922895E008D1C34 /* Foundation.framework in Frameworks */ = {isa = PBXBuildFile; fileRef = 4109C0DF1922895E008D1C34 /* Foundation.framework */; };
		4109C1011922895E008D1C34 /* UIKit.framework in Frameworks */ = {isa = PBXBuildFile; fileRef = 4109C0E31922895E008D1C34 /* UIKit.framework */; };
		4109C1091922895E008D1C34 /* InfoPlist.strings in Resources */ = {isa = PBXBuildFile; fileRef = 4109C1071922895E008D1C34 /* InfoPlist.strings */; };
		4109C10B1922895E008D1C34 /* WeatherForecastTests.m in Sources */ = {isa = PBXBuildFile; fileRef = 4109C10A1922895E008D1C34 /* WeatherForecastTests.m */; };
		4109C11619228D38008D1C34 /* DetailViewController.m in Sources */ = {isa = PBXBuildFile; fileRef = 4109C11519228D38008D1C34 /* DetailViewController.m */; };
		4145C1261922AE8E008042FC /* CitiesWeatherInformation.m in Sources */ = {isa = PBXBuildFile; fileRef = 4145C1251922AE8E008042FC /* CitiesWeatherInformation.m */; };
		41996E241923EDAA00830D99 /* City.m in Sources */ = {isa = PBXBuildFile; fileRef = 41996E231923EDAA00830D99 /* City.m */; };
/* End PBXBuildFile section */

/* Begin PBXContainerItemProxy section */
		4109C1021922895E008D1C34 /* PBXContainerItemProxy */ = {
			isa = PBXContainerItemProxy;
			containerPortal = 4109C0D41922895E008D1C34 /* Project object */;
			proxyType = 1;
			remoteGlobalIDString = 4109C0DB1922895E008D1C34;
			remoteInfo = WeatherForecast;
		};
/* End PBXContainerItemProxy section */

/* Begin PBXFileReference section */
		4109C0DC1922895E008D1C34 /* WeatherForecast.app */ = {isa = PBXFileReference; explicitFileType = wrapper.application; includeInIndex = 0; path = WeatherForecast.app; sourceTree = BUILT_PRODUCTS_DIR; };
		4109C0DF1922895E008D1C34 /* Foundation.framework */ = {isa = PBXFileReference; lastKnownFileType = wrapper.framework; name = Foundation.framework; path = System/Library/Frameworks/Foundation.framework; sourceTree = SDKROOT; };
		4109C0E11922895E008D1C34 /* CoreGraphics.framework */ = {isa = PBXFileReference; lastKnownFileType = wrapper.framework; name = CoreGraphics.framework; path = System/Library/Frameworks/CoreGraphics.framework; sourceTree = SDKROOT; };
		4109C0E31922895E008D1C34 /* UIKit.framework */ = {isa = PBXFileReference; lastKnownFileType = wrapper.framework; name = UIKit.framework; path = System/Library/Frameworks/UIKit.framework; sourceTree = SDKROOT; };
		4109C0E71922895E008D1C34 /* WeatherForecast-Info.plist */ = {isa = PBXFileReference; lastKnownFileType = text.plist.xml; path = "WeatherForecast-Info.plist"; sourceTree = "<group>"; };
		4109C0E91922895E008D1C34 /* en */ = {isa = PBXFileReference; lastKnownFileType = text.plist.strings; name = en; path = en.lproj/InfoPlist.strings; sourceTree = "<group>"; };
		4109C0EB1922895E008D1C34 /* main.m */ = {isa = PBXFileReference; lastKnownFileType = sourcecode.c.objc; path = main.m; sourceTree = "<group>"; };
		4109C0ED1922895E008D1C34 /* WeatherForecast-Prefix.pch */ = {isa = PBXFileReference; lastKnownFileType = sourcecode.c.h; path = "WeatherForecast-Prefix.pch"; sourceTree = "<group>"; };
		4109C0EE1922895E008D1C34 /* AppDelegate.h */ = {isa = PBXFileReference; lastKnownFileType = sourcecode.c.h; path = AppDelegate.h; sourceTree = "<group>"; };
		4109C0EF1922895E008D1C34 /* AppDelegate.m */ = {isa = PBXFileReference; lastKnownFileType = sourcecode.c.objc; path = AppDelegate.m; sourceTree = "<group>"; };
		4109C0F21922895E008D1C34 /* Base */ = {isa = PBXFileReference; lastKnownFileType = file.storyboard; name = Base; path = Base.lproj/Main.storyboard; sourceTree = "<group>"; };
		4109C0F41922895E008D1C34 /* ViewController.h */ = {isa = PBXFileReference; lastKnownFileType = sourcecode.c.h; path = ViewController.h; sourceTree = "<group>"; };
		4109C0F51922895E008D1C34 /* ViewController.m */ = {isa = PBXFileReference; lastKnownFileType = sourcecode.c.objc; path = ViewController.m; sourceTree = "<group>"; };
		4109C0F71922895E008D1C34 /* Images.xcassets */ = {isa = PBXFileReference; lastKnownFileType = folder.assetcatalog; path = Images.xcassets; sourceTree = "<group>"; };
		4109C0FD1922895E008D1C34 /* WeatherForecastTests.xctest */ = {isa = PBXFileReference; explicitFileType = wrapper.cfbundle; includeInIndex = 0; path = WeatherForecastTests.xctest; sourceTree = BUILT_PRODUCTS_DIR; };
		4109C0FE1922895E008D1C34 /* XCTest.framework */ = {isa = PBXFileReference; lastKnownFileType = wrapper.framework; name = XCTest.framework; path = Library/Frameworks/XCTest.framework; sourceTree = DEVELOPER_DIR; };
		4109C1061922895E008D1C34 /* WeatherForecastTests-Info.plist */ = {isa = PBXFileReference; lastKnownFileType = text.plist.xml; path = "WeatherForecastTests-Info.plist"; sourceTree = "<group>"; };
		4109C1081922895E008D1C34 /* en */ = {isa = PBXFileReference; lastKnownFileType = text.plist.strings; name = en; path = en.lproj/InfoPlist.strings; sourceTree = "<group>"; };
		4109C10A1922895E008D1C34 /* WeatherForecastTests.m */ = {isa = PBXFileReference; lastKnownFileType = sourcecode.c.objc; path = WeatherForecastTests.m; sourceTree = "<group>"; };
		4109C11419228D38008D1C34 /* DetailViewController.h */ = {isa = PBXFileReference; fileEncoding = 4; lastKnownFileType = sourcecode.c.h; path = DetailViewController.h; sourceTree = "<group>"; };
		4109C11519228D38008D1C34 /* DetailViewController.m */ = {isa = PBXFileReference; fileEncoding = 4; lastKnownFileType = sourcecode.c.objc; path = DetailViewController.m; sourceTree = "<group>"; };
		4145C1241922AE8E008042FC /* CitiesWeatherInformation.h */ = {isa = PBXFileReference; fileEncoding = 4; lastKnownFileType = sourcecode.c.h; path = CitiesWeatherInformation.h; sourceTree = "<group>"; };
		4145C1251922AE8E008042FC /* CitiesWeatherInformation.m */ = {isa = PBXFileReference; fileEncoding = 4; lastKnownFileType = sourcecode.c.objc; path = CitiesWeatherInformation.m; sourceTree = "<group>"; };
		41996E221923EDAA00830D99 /* City.h */ = {isa = PBXFileReference; fileEncoding = 4; lastKnownFileType = sourcecode.c.h; path = City.h; sourceTree = "<group>"; };
		41996E231923EDAA00830D99 /* City.m */ = {isa = PBXFileReference; fileEncoding = 4; lastKnownFileType = sourcecode.c.objc; path = City.m; sourceTree = "<group>"; };
/* End PBXFileReference section */

/* Begin PBXFrameworksBuildPhase section */
		4109C0D91922895E008D1C34 /* Frameworks */ = {
			isa = PBXFrameworksBuildPhase;
			buildActionMask = 2147483647;
			files = (
				4109C0E21922895E008D1C34 /* CoreGraphics.framework in Frameworks */,
				4109C0E41922895E008D1C34 /* UIKit.framework in Frameworks */,
				4109C0E01922895E008D1C34 /* Foundation.framework in Frameworks */,
			);
			runOnlyForDeploymentPostprocessing = 0;
		};
		4109C0FA1922895E008D1C34 /* Frameworks */ = {
			isa = PBXFrameworksBuildPhase;
			buildActionMask = 2147483647;
			files = (
				4109C0FF1922895E008D1C34 /* XCTest.framework in Frameworks */,
				4109C1011922895E008D1C34 /* UIKit.framework in Frameworks */,
				4109C1001922895E008D1C34 /* Foundation.framework in Frameworks */,
			);
			runOnlyForDeploymentPostprocessing = 0;
		};
/* End PBXFrameworksBuildPhase section */

/* Begin PBXGroup section */
		4109C0D31922895E008D1C34 = {
			isa = PBXGroup;
			children = (
				4109C0E51922895E008D1C34 /* WeatherForecast */,
				4109C1041922895E008D1C34 /* WeatherForecastTests */,
				4109C0DE1922895E008D1C34 /* Frameworks */,
				4109C0DD1922895E008D1C34 /* Products */,
			);
			sourceTree = "<group>";
		};
		4109C0DD1922895E008D1C34 /* Products */ = {
			isa = PBXGroup;
			children = (
				4109C0DC1922895E008D1C34 /* WeatherForecast.app */,
				4109C0FD1922895E008D1C34 /* WeatherForecastTests.xctest */,
			);
			name = Products;
			sourceTree = "<group>";
		};
		4109C0DE1922895E008D1C34 /* Frameworks */ = {
			isa = PBXGroup;
			children = (
				4109C0DF1922895E008D1C34 /* Foundation.framework */,
				4109C0E11922895E008D1C34 /* CoreGraphics.framework */,
				4109C0E31922895E008D1C34 /* UIKit.framework */,
				4109C0FE1922895E008D1C34 /* XCTest.framework */,
			);
			name = Frameworks;
			sourceTree = "<group>";
		};
		4109C0E51922895E008D1C34 /* WeatherForecast */ = {
			isa = PBXGroup;
			children = (
				4109C0EE1922895E008D1C34 /* AppDelegate.h */,
				4109C0EF1922895E008D1C34 /* AppDelegate.m */,
				4109C0F11922895E008D1C34 /* Main.storyboard */,
				4109C11419228D38008D1C34 /* DetailViewController.h */,
				4109C11519228D38008D1C34 /* DetailViewController.m */,
				4109C0F41922895E008D1C34 /* ViewController.h */,
				4109C0F51922895E008D1C34 /* ViewController.m */,
				41996E221923EDAA00830D99 /* City.h */,
				41996E231923EDAA00830D99 /* City.m */,
				4145C1241922AE8E008042FC /* CitiesWeatherInformation.h */,
				4145C1251922AE8E008042FC /* CitiesWeatherInformation.m */,
				4109C0F71922895E008D1C34 /* Images.xcassets */,
				4109C0E61922895E008D1C34 /* Supporting Files */,
			);
			path = WeatherForecast;
			sourceTree = "<group>";
		};
		4109C0E61922895E008D1C34 /* Supporting Files */ = {
			isa = PBXGroup;
			children = (
				4109C0E71922895E008D1C34 /* WeatherForecast-Info.plist */,
				4109C0E81922895E008D1C34 /* InfoPlist.strings */,
				4109C0EB1922895E008D1C34 /* main.m */,
				4109C0ED1922895E008D1C34 /* WeatherForecast-Prefix.pch */,
			);
			name = "Supporting Files";
			sourceTree = "<group>";
		};
		4109C1041922895E008D1C34 /* WeatherForecastTests */ = {
			isa = PBXGroup;
			children = (
				4109C10A1922895E008D1C34 /* WeatherForecastTests.m */,
				4109C1051922895E008D1C34 /* Supporting Files */,
			);
			path = WeatherForecastTests;
			sourceTree = "<group>";
		};
		4109C1051922895E008D1C34 /* Supporting Files */ = {
			isa = PBXGroup;
			children = (
				4109C1061922895E008D1C34 /* WeatherForecastTests-Info.plist */,
				4109C1071922895E008D1C34 /* InfoPlist.strings */,
			);
			name = "Supporting Files";
			sourceTree = "<group>";
		};
/* End PBXGroup section */

/* Begin PBXNativeTarget section */
		4109C0DB1922895E008D1C34 /* WeatherForecast */ = {
			isa = PBXNativeTarget;
			buildConfigurationList = 4109C10E1922895E008D1C34 /* Build configuration list for PBXNativeTarget "WeatherForecast" */;
			buildPhases = (
				4109C0D81922895E008D1C34 /* Sources */,
				4109C0D91922895E008D1C34 /* Frameworks */,
				4109C0DA1922895E008D1C34 /* Resources */,
			);
			buildRules = (
			);
			dependencies = (
			);
			name = WeatherForecast;
			productName = WeatherForecast;
			productReference = 4109C0DC1922895E008D1C34 /* WeatherForecast.app */;
			productType = "com.apple.product-type.application";
		};
		4109C0FC1922895E008D1C34 /* WeatherForecastTests */ = {
			isa = PBXNativeTarget;
			buildConfigurationList = 4109C1111922895E008D1C34 /* Build configuration list for PBXNativeTarget "WeatherForecastTests" */;
			buildPhases = (
				4109C0F91922895E008D1C34 /* Sources */,
				4109C0FA1922895E008D1C34 /* Frameworks */,
				4109C0FB1922895E008D1C34 /* Resources */,
			);
			buildRules = (
			);
			dependencies = (
				4109C1031922895E008D1C34 /* PBXTargetDependency */,
			);
			name = WeatherForecastTests;
			productName = WeatherForecastTests;
			productReference = 4109C0FD1922895E008D1C34 /* WeatherForecastTests.xctest */;
			productType = "com.apple.product-type.bundle.unit-test";
		};
/* End PBXNativeTarget section */

/* Begin PBXProject section */
		4109C0D41922895E008D1C34 /* Project object */ = {
			isa = PBXProject;
			attributes = {
				LastUpgradeCheck = 0510;
				ORGANIZATIONNAME = "Jian Yao Ang";
				TargetAttributes = {
					4109C0FC1922895E008D1C34 = {
						TestTargetID = 4109C0DB1922895E008D1C34;
					};
				};
			};
			buildConfigurationList = 4109C0D71922895E008D1C34 /* Build configuration list for PBXProject "WeatherForecast" */;
			compatibilityVersion = "Xcode 3.2";
			developmentRegion = English;
			hasScannedForEncodings = 0;
			knownRegions = (
				en,
				Base,
			);
			mainGroup = 4109C0D31922895E008D1C34;
			productRefGroup = 4109C0DD1922895E008D1C34 /* Products */;
			projectDirPath = "";
			projectRoot = "";
			targets = (
				4109C0DB1922895E008D1C34 /* WeatherForecast */,
				4109C0FC1922895E008D1C34 /* WeatherForecastTests */,
			);
		};
/* End PBXProject section */

/* Begin PBXResourcesBuildPhase section */
		4109C0DA1922895E008D1C34 /* Resources */ = {
			isa = PBXResourcesBuildPhase;
			buildActionMask = 2147483647;
			files = (
				4109C0F81922895E008D1C34 /* Images.xcassets in Resources */,
				4109C0EA1922895E008D1C34 /* InfoPlist.strings in Resources */,
				4109C0F31922895E008D1C34 /* Main.storyboard in Resources */,
			);
			runOnlyForDeploymentPostprocessing = 0;
		};
		4109C0FB1922895E008D1C34 /* Resources */ = {
			isa = PBXResourcesBuildPhase;
			buildActionMask = 2147483647;
			files = (
				4109C1091922895E008D1C34 /* InfoPlist.strings in Resources */,
			);
			runOnlyForDeploymentPostprocessing = 0;
		};
/* End PBXResourcesBuildPhase section */

/* Begin PBXSourcesBuildPhase section */
		4109C0D81922895E008D1C34 /* Sources */ = {
			isa = PBXSourcesBuildPhase;
			buildActionMask = 2147483647;
			files = (
				4109C0F61922895E008D1C34 /* ViewController.m in Sources */,
				4109C0F01922895E008D1C34 /* AppDelegate.m in Sources */,
				41996E241923EDAA00830D99 /* City.m in Sources */,
				4109C0EC1922895E008D1C34 /* main.m in Sources */,
				4109C11619228D38008D1C34 /* DetailViewController.m in Sources */,
				4145C1261922AE8E008042FC /* CitiesWeatherInformation.m in Sources */,
			);
			runOnlyForDeploymentPostprocessing = 0;
		};
		4109C0F91922895E008D1C34 /* Sources */ = {
			isa = PBXSourcesBuildPhase;
			buildActionMask = 2147483647;
			files = (
				4109C10B1922895E008D1C34 /* WeatherForecastTests.m in Sources */,
			);
			runOnlyForDeploymentPostprocessing = 0;
		};
/* End PBXSourcesBuildPhase section */

/* Begin PBXTargetDependency section */
		4109C1031922895E008D1C34 /* PBXTargetDependency */ = {
			isa = PBXTargetDependency;
			target = 4109C0DB1922895E008D1C34 /* WeatherForecast */;
			targetProxy = 4109C1021922895E008D1C34 /* PBXContainerItemProxy */;
		};
/* End PBXTargetDependency section */

/* Begin PBXVariantGroup section */
		4109C0E81922895E008D1C34 /* InfoPlist.strings */ = {
			isa = PBXVariantGroup;
			children = (
				4109C0E91922895E008D1C34 /* en */,
			);
			name = InfoPlist.strings;
			sourceTree = "<group>";
		};
		4109C0F11922895E008D1C34 /* Main.storyboard */ = {
			isa = PBXVariantGroup;
			children = (
				4109C0F21922895E008D1C34 /* Base */,
			);
			name = Main.storyboard;
			sourceTree = "<group>";
		};
		4109C1071922895E008D1C34 /* InfoPlist.strings */ = {
			isa = PBXVariantGroup;
			children = (
				4109C1081922895E008D1C34 /* en */,
			);
			name = InfoPlist.strings;
			sourceTree = "<group>";
		};
/* End PBXVariantGroup section */

/* Begin XCBuildConfiguration section */
		4109C10C1922895E008D1C34 /* Debug */ = {
			isa = XCBuildConfiguration;
			buildSettings = {
				ALWAYS_SEARCH_USER_PATHS = NO;
				CLANG_CXX_LANGUAGE_STANDARD = "gnu++0x";
				CLANG_CXX_LIBRARY = "libc++";
				CLANG_ENABLE_MODULES = YES;
				CLANG_ENABLE_OBJC_ARC = YES;
				CLANG_WARN_BOOL_CONVERSION = YES;
				CLANG_WARN_CONSTANT_CONVERSION = YES;
				CLANG_WARN_DIRECT_OBJC_ISA_USAGE = YES_ERROR;
				CLANG_WARN_EMPTY_BODY = YES;
				CLANG_WARN_ENUM_CONVERSION = YES;
				CLANG_WARN_INT_CONVERSION = YES;
				CLANG_WARN_OBJC_ROOT_CLASS = YES_ERROR;
				CLANG_WARN__DUPLICATE_METHOD_MATCH = YES;
				"CODE_SIGN_IDENTITY[sdk=iphoneos*]" = "iPhone Developer";
				COPY_PHASE_STRIP = NO;
				GCC_C_LANGUAGE_STANDARD = gnu99;
				GCC_DYNAMIC_NO_PIC = NO;
				GCC_OPTIMIZATION_LEVEL = 0;
				GCC_PREPROCESSOR_DEFINITIONS = (
					"DEBUG=1",
					"$(inherited)",
				);
				GCC_SYMBOLS_PRIVATE_EXTERN = NO;
				GCC_WARN_64_TO_32_BIT_CONVERSION = YES;
				GCC_WARN_ABOUT_RETURN_TYPE = YES_ERROR;
				GCC_WARN_UNDECLARED_SELECTOR = YES;
				GCC_WARN_UNINITIALIZED_AUTOS = YES_AGGRESSIVE;
				GCC_WARN_UNUSED_FUNCTION = YES;
				GCC_WARN_UNUSED_VARIABLE = YES;
				IPHONEOS_DEPLOYMENT_TARGET = 7.1;
				ONLY_ACTIVE_ARCH = YES;
				SDKROOT = iphoneos;
			};
			name = Debug;
		};
		4109C10D1922895E008D1C34 /* Release */ = {
			isa = XCBuildConfiguration;
			buildSettings = {
				ALWAYS_SEARCH_USER_PATHS = NO;
				CLANG_CXX_LANGUAGE_STANDARD = "gnu++0x";
				CLANG_CXX_LIBRARY = "libc++";
				CLANG_ENABLE_MODULES = YES;
				CLANG_ENABLE_OBJC_ARC = YES;
				CLANG_WARN_BOOL_CONVERSION = YES;
				CLANG_WARN_CONSTANT_CONVERSION = YES;
				CLANG_WARN_DIRECT_OBJC_ISA_USAGE = YES_ERROR;
				CLANG_WARN_EMPTY_BODY = YES;
				CLANG_WARN_ENUM_CONVERSION = YES;
				CLANG_WARN_INT_CONVERSION = YES;
				CLANG_WARN_OBJC_ROOT_CLASS = YES_ERROR;
				CLANG_WARN__DUPLICATE_METHOD_MATCH = YES;
				"CODE_SIGN_IDENTITY[sdk=iphoneos*]" = "iPhone Developer";
				COPY_PHASE_STRIP = YES;
				ENABLE_NS_ASSERTIONS = NO;
				GCC_C_LANGUAGE_STANDARD = gnu99;
				GCC_WARN_64_TO_32_BIT_CONVERSION = YES;
				GCC_WARN_ABOUT_RETURN_TYPE = YES_ERROR;
				GCC_WARN_UNDECLARED_SELECTOR = YES;
				GCC_WARN_UNINITIALIZED_AUTOS = YES_AGGRESSIVE;
				GCC_WARN_UNUSED_FUNCTION = YES;
				GCC_WARN_UNUSED_VARIABLE = YES;
				IPHONEOS_DEPLOYMENT_TARGET = 7.1;
				SDKROOT = iphoneos;
				VALIDATE_PRODUCT = YES;
			};
			name = Release;
		};
		4109C10F1922895E008D1C34 /* Debug */ = {
			isa = XCBuildConfiguration;
			buildSettings = {
				ASSETCATALOG_COMPILER_APPICON_NAME = AppIcon;
				ASSETCATALOG_COMPILER_LAUNCHIMAGE_NAME = LaunchImage;
				GCC_PRECOMPILE_PREFIX_HEADER = YES;
				GCC_PREFIX_HEADER = "WeatherForecast/WeatherForecast-Prefix.pch";
				INFOPLIST_FILE = "WeatherForecast/WeatherForecast-Info.plist";
				PRODUCT_NAME = "$(TARGET_NAME)";
				WRAPPER_EXTENSION = app;
			};
			name = Debug;
		};
		4109C1101922895E008D1C34 /* Release */ = {
			isa = XCBuildConfiguration;
			buildSettings = {
				ASSETCATALOG_COMPILER_APPICON_NAME = AppIcon;
				ASSETCATALOG_COMPILER_LAUNCHIMAGE_NAME = LaunchImage;
				GCC_PRECOMPILE_PREFIX_HEADER = YES;
				GCC_PREFIX_HEADER = "WeatherForecast/WeatherForecast-Prefix.pch";
				INFOPLIST_FILE = "WeatherForecast/WeatherForecast-Info.plist";
				PRODUCT_NAME = "$(TARGET_NAME)";
				WRAPPER_EXTENSION = app;
			};
			name = Release;
		};
		4109C1121922895E008D1C34 /* Debug */ = {
			isa = XCBuildConfiguration;
			buildSettings = {
				BUNDLE_LOADER = "$(BUILT_PRODUCTS_DIR)/WeatherForecast.app/WeatherForecast";
				FRAMEWORK_SEARCH_PATHS = (
					"$(SDKROOT)/Developer/Library/Frameworks",
					"$(inherited)",
					"$(DEVELOPER_FRAMEWORKS_DIR)",
				);
				GCC_PRECOMPILE_PREFIX_HEADER = YES;
				GCC_PREFIX_HEADER = "WeatherForecast/WeatherForecast-Prefix.pch";
				GCC_PREPROCESSOR_DEFINITIONS = (
					"DEBUG=1",
					"$(inherited)",
				);
				INFOPLIST_FILE = "WeatherForecastTests/WeatherForecastTests-Info.plist";
				PRODUCT_NAME = "$(TARGET_NAME)";
				TEST_HOST = "$(BUNDLE_LOADER)";
				WRAPPER_EXTENSION = xctest;
			};
			name = Debug;
		};
		4109C1131922895E008D1C34 /* Release */ = {
			isa = XCBuildConfiguration;
			buildSettings = {
				BUNDLE_LOADER = "$(BUILT_PRODUCTS_DIR)/WeatherForecast.app/WeatherForecast";
				FRAMEWORK_SEARCH_PATHS = (
					"$(SDKROOT)/Developer/Library/Frameworks",
					"$(inherited)",
					"$(DEVELOPER_FRAMEWORKS_DIR)",
				);
				GCC_PRECOMPILE_PREFIX_HEADER = YES;
				GCC_PREFIX_HEADER = "WeatherForecast/WeatherForecast-Prefix.pch";
				INFOPLIST_FILE = "WeatherForecastTests/WeatherForecastTests-Info.plist";
				PRODUCT_NAME = "$(TARGET_NAME)";
				TEST_HOST = "$(BUNDLE_LOADER)";
				WRAPPER_EXTENSION = xctest;
			};
			name = Release;
		};
/* End XCBuildConfiguration section */

/* Begin XCConfigurationList section */
		4109C0D71922895E008D1C34 /* Build configuration list for PBXProject "WeatherForecast" */ = {
			isa = XCConfigurationList;
			buildConfigurations = (
				4109C10C1922895E008D1C34 /* Debug */,
				4109C10D1922895E008D1C34 /* Release */,
			);
			defaultConfigurationIsVisible = 0;
			defaultConfigurationName = Release;
		};
		4109C10E1922895E008D1C34 /* Build configuration list for PBXNativeTarget "WeatherForecast" */ = {
			isa = XCConfigurationList;
			buildConfigurations = (
				4109C10F1922895E008D1C34 /* Debug */,
				4109C1101922895E008D1C34 /* Release */,
			);
			defaultConfigurationIsVisible = 0;
			defaultConfigurationName = Release;
		};
		4109C1111922895E008D1C34 /* Build configuration list for PBXNativeTarget "WeatherForecastTests" */ = {
			isa = XCConfigurationList;
			buildConfigurations = (
				4109C1121922895E008D1C34 /* Debug */,
				4109C1131922895E008D1C34 /* Release */,
			);
			defaultConfigurationIsVisible = 0;
			defaultConfigurationName = Release;
		};
/* End XCConfigurationList section */
	};
	rootObject = 4109C0D41922895E008D1C34 /* Project object */;
}
